
Microsoft Visual Studio Solution File, Format Version 12.00
Project("{FAE04EC0-301F-11D3-BF4B-00C04F79EFBC}") = "Branchy.UI", "Branchy.UI\Branchy.UI.csproj", "{66627CB6-E3CE-47A3-8CCF-0402CE0D96E1}"
EndProject
Project("{FAE04EC0-301F-11D3-BF4B-00C04F79EFBC}") = "Branchy.Domain", "Branchy.Domain\Branchy.Domain.csproj", "{61687A03-6E35-431F-86FA-7C84C1DB09DE}"
EndProject
Project("{FAE04EC0-301F-11D3-BF4B-00C04F79EFBC}") = "Branchy.Application", "Branchy.Application\Branchy.Application.csproj", "{6E967F1E-D7A5-4B32-91D0-79868160576F}"
EndProject
Project("{FAE04EC0-301F-11D3-BF4B-00C04F79EFBC}") = "Branchy.Infrastructure.GitCli", "Branchy.Infrastructure.GitCli\Branchy.Infrastructure.GitCli.csproj", "{497CDB45-9C47-48FB-9BC3-235EF7A3824A}"
EndProject
Project("{FAE04EC0-301F-11D3-BF4B-00C04F79EFBC}") = "Branchy.Test", "Branchy.Test\Branchy.Test.csproj", "{10451D5F-BBF6-4551-9FAA-D6EAAC6C1F51}"
EndProject
Global
	GlobalSection(SolutionConfigurationPlatforms) = preSolution
		Debug|Any CPU = Debug|Any CPU
		Release|Any CPU = Release|Any CPU
	EndGlobalSection
	GlobalSection(ProjectConfigurationPlatforms) = postSolution
		{66627CB6-E3CE-47A3-8CCF-0402CE0D96E1}.Debug|Any CPU.ActiveCfg = Debug|Any CPU
		{66627CB6-E3CE-47A3-8CCF-0402CE0D96E1}.Debug|Any CPU.Build.0 = Debug|Any CPU
		{66627CB6-E3CE-47A3-8CCF-0402CE0D96E1}.Release|Any CPU.ActiveCfg = Release|Any CPU
		{66627CB6-E3CE-47A3-8CCF-0402CE0D96E1}.Release|Any CPU.Build.0 = Release|Any CPU
		{61687A03-6E35-431F-86FA-7C84C1DB09DE}.Debug|Any CPU.ActiveCfg = Debug|Any CPU
		{61687A03-6E35-431F-86FA-7C84C1DB09DE}.Debug|Any CPU.Build.0 = Debug|Any CPU
		{61687A03-6E35-431F-86FA-7C84C1DB09DE}.Release|Any CPU.ActiveCfg = Release|Any CPU
		{61687A03-6E35-431F-86FA-7C84C1DB09DE}.Release|Any CPU.Build.0 = Release|Any CPU
		{6E967F1E-D7A5-4B32-91D0-79868160576F}.Debug|Any CPU.ActiveCfg = Debug|Any CPU
		{6E967F1E-D7A5-4B32-91D0-79868160576F}.Debug|Any CPU.Build.0 = Debug|Any CPU
		{6E967F1E-D7A5-4B32-91D0-79868160576F}.Release|Any CPU.ActiveCfg = Release|Any CPU
		{6E967F1E-D7A5-4B32-91D0-79868160576F}.Release|Any CPU.Build.0 = Release|Any CPU
		{497CDB45-9C47-48FB-9BC3-235EF7A3824A}.Debug|Any CPU.ActiveCfg = Debug|Any CPU
		{497CDB45-9C47-48FB-9BC3-235EF7A3824A}.Debug|Any CPU.Build.0 = Debug|Any CPU
		{497CDB45-9C47-48FB-9BC3-235EF7A3824A}.Release|Any CPU.ActiveCfg = Release|Any CPU
		{497CDB45-9C47-48FB-9BC3-235EF7A3824A}.Release|Any CPU.Build.0 = Release|Any CPU
		{10451D5F-BBF6-4551-9FAA-D6EAAC6C1F51}.Debug|Any CPU.ActiveCfg = Debug|Any CPU
		{10451D5F-BBF6-4551-9FAA-D6EAAC6C1F51}.Debug|Any CPU.Build.0 = Debug|Any CPU
		{10451D5F-BBF6-4551-9FAA-D6EAAC6C1F51}.Release|Any CPU.ActiveCfg = Release|Any CPU
		{10451D5F-BBF6-4551-9FAA-D6EAAC6C1F51}.Release|Any CPU.Build.0 = Release|Any CPU
	EndGlobalSection
EndGlobal
